
Microsoft Visual Studio Solution File, Format Version 12.00
# Visual Studio 14
VisualStudioVersion = 14.0.25420.1
MinimumVisualStudioVersion = 10.0.40219.1
Project("{FAE04EC0-301F-11D3-BF4B-00C04F79EFBC}") = "01. Array Statistics", "01. Array Statistics\01. Array Statistics.csproj", "{C42450ED-672E-423E-AF49-1D84F7F36C82}"
EndProject
Project("{FAE04EC0-301F-11D3-BF4B-00C04F79EFBC}") = "02. Manipulate Array", "02. Manipulate Array\02. Manipulate Array.csproj", "{0842D1B6-52BE-4549-BE08-B26267554E8B}"
EndProject
Project("{FAE04EC0-301F-11D3-BF4B-00C04F79EFBC}") = "03. Safe Manipulation", "03. Safe Manipulation\03. Safe Manipulation.csproj", "{E6D801E9-E37E-4DAA-9B07-D45D37912AA6}"
EndProject
Project("{FAE04EC0-301F-11D3-BF4B-00C04F79EFBC}") = "04. Grab and Go", "04. Grab and Go\04. Grab and Go.csproj", "{92F207B5-0BDF-4E26-8D62-C1B818FDB949}"
EndProject
Project("{FAE04EC0-301F-11D3-BF4B-00C04F79EFBC}") = "05. Pizza Ingredients", "05. Pizza Ingredients\05. Pizza Ingredients.csproj", "{F366FF27-9B22-4CCF-B9F2-11765EF65634}"
EndProject
Project("{FAE04EC0-301F-11D3-BF4B-00C04F79EFBC}") = "06. Heists", "06. Heists\06. Heists.csproj", "{BAD444E4-C094-4817-BE1D-07C42BE30F74}"
EndProject
Project("{FAE04EC0-301F-11D3-BF4B-00C04F79EFBC}") = "07. Inventory Matcher", "07. Inventory Matcher\07. Inventory Matcher.csproj", "{CE6F9DE7-0436-4369-9BC7-368DB6165A41}"
EndProject
Project("{FAE04EC0-301F-11D3-BF4B-00C04F79EFBC}") = "08. Upgraded Matcher", "08. Upgraded Matcher\08. Upgraded Matcher.csproj", "{541BC77F-2246-4B75-BE06-E2E2C42583F6}"
EndProject
Project("{FAE04EC0-301F-11D3-BF4B-00C04F79EFBC}") = "09. Jump Around", "09. Jump Around\09. Jump Around.csproj", "{3FC13B44-B238-4EEA-8D09-E128EB9F4465}"
EndProject
Global
	GlobalSection(SolutionConfigurationPlatforms) = preSolution
		Debug|Any CPU = Debug|Any CPU
		Release|Any CPU = Release|Any CPU
	EndGlobalSection
	GlobalSection(ProjectConfigurationPlatforms) = postSolution
		{C42450ED-672E-423E-AF49-1D84F7F36C82}.Debug|Any CPU.ActiveCfg = Debug|Any CPU
		{C42450ED-672E-423E-AF49-1D84F7F36C82}.Debug|Any CPU.Build.0 = Debug|Any CPU
		{C42450ED-672E-423E-AF49-1D84F7F36C82}.Release|Any CPU.ActiveCfg = Release|Any CPU
		{C42450ED-672E-423E-AF49-1D84F7F36C82}.Release|Any CPU.Build.0 = Release|Any CPU
		{0842D1B6-52BE-4549-BE08-B26267554E8B}.Debug|Any CPU.ActiveCfg = Debug|Any CPU
		{0842D1B6-52BE-4549-BE08-B26267554E8B}.Debug|Any CPU.Build.0 = Debug|Any CPU
		{0842D1B6-52BE-4549-BE08-B26267554E8B}.Release|Any CPU.ActiveCfg = Release|Any CPU
		{0842D1B6-52BE-4549-BE08-B26267554E8B}.Release|Any CPU.Build.0 = Release|Any CPU
		{E6D801E9-E37E-4DAA-9B07-D45D37912AA6}.Debug|Any CPU.ActiveCfg = Debug|Any CPU
		{E6D801E9-E37E-4DAA-9B07-D45D37912AA6}.Debug|Any CPU.Build.0 = Debug|Any CPU
		{E6D801E9-E37E-4DAA-9B07-D45D37912AA6}.Release|Any CPU.ActiveCfg = Release|Any CPU
		{E6D801E9-E37E-4DAA-9B07-D45D37912AA6}.Release|Any CPU.Build.0 = Release|Any CPU
		{92F207B5-0BDF-4E26-8D62-C1B818FDB949}.Debug|Any CPU.ActiveCfg = Debug|Any CPU
		{92F207B5-0BDF-4E26-8D62-C1B818FDB949}.Debug|Any CPU.Build.0 = Debug|Any CPU
		{92F207B5-0BDF-4E26-8D62-C1B818FDB949}.Release|Any CPU.ActiveCfg = Release|Any CPU
		{92F207B5-0BDF-4E26-8D62-C1B818FDB949}.Release|Any CPU.Build.0 = Release|Any CPU
		{F366FF27-9B22-4CCF-B9F2-11765EF65634}.Debug|Any CPU.ActiveCfg = Debug|Any CPU
		{F366FF27-9B22-4CCF-B9F2-11765EF65634}.Debug|Any CPU.Build.0 = Debug|Any CPU
		{F366FF27-9B22-4CCF-B9F2-11765EF65634}.Release|Any CPU.ActiveCfg = Release|Any CPU
		{F366FF27-9B22-4CCF-B9F2-11765EF65634}.Release|Any CPU.Build.0 = Release|Any CPU
		{BAD444E4-C094-4817-BE1D-07C42BE30F74}.Debug|Any CPU.ActiveCfg = Debug|Any CPU
		{BAD444E4-C094-4817-BE1D-07C42BE30F74}.Debug|Any CPU.Build.0 = Debug|Any CPU
		{BAD444E4-C094-4817-BE1D-07C42BE30F74}.Release|Any CPU.ActiveCfg = Release|Any CPU
		{BAD444E4-C094-4817-BE1D-07C42BE30F74}.Release|Any CPU.Build.0 = Release|Any CPU
		{CE6F9DE7-0436-4369-9BC7-368DB6165A41}.Debug|Any CPU.ActiveCfg = Debug|Any CPU
		{CE6F9DE7-0436-4369-9BC7-368DB6165A41}.Debug|Any CPU.Build.0 = Debug|Any CPU
		{CE6F9DE7-0436-4369-9BC7-368DB6165A41}.Release|Any CPU.ActiveCfg = Release|Any CPU
		{CE6F9DE7-0436-4369-9BC7-368DB6165A41}.Release|Any CPU.Build.0 = Release|Any CPU
		{541BC77F-2246-4B75-BE06-E2E2C42583F6}.Debug|Any CPU.ActiveCfg = Debug|Any CPU
		{541BC77F-2246-4B75-BE06-E2E2C42583F6}.Debug|Any CPU.Build.0 = Debug|Any CPU
		{541BC77F-2246-4B75-BE06-E2E2C42583F6}.Release|Any CPU.ActiveCfg = Release|Any CPU
		{541BC77F-2246-4B75-BE06-E2E2C42583F6}.Release|Any CPU.Build.0 = Release|Any CPU
		{3FC13B44-B238-4EEA-8D09-E128EB9F4465}.Debug|Any CPU.ActiveCfg = Debug|Any CPU
		{3FC13B44-B238-4EEA-8D09-E128EB9F4465}.Debug|Any CPU.Build.0 = Debug|Any CPU
		{3FC13B44-B238-4EEA-8D09-E128EB9F4465}.Release|Any CPU.ActiveCfg = Release|Any CPU
		{3FC13B44-B238-4EEA-8D09-E128EB9F4465}.Release|Any CPU.Build.0 = Release|Any CPU
	EndGlobalSection
	GlobalSection(SolutionProperties) = preSolution
		HideSolutionNode = FALSE
	EndGlobalSection
EndGlobal
