
Microsoft Visual Studio Solution File, Format Version 12.00
# Visual Studio 14
VisualStudioVersion = 14.0.25420.1
MinimumVisualStudioVersion = 10.0.40219.1
Project("{FAE04EC0-301F-11D3-BF4B-00C04F79EFBC}") = "Passed", "Passed\Passed.csproj", "{7B4F16A7-D595-4C5E-A505-09BC84CF986E}"
EndProject
Project("{FAE04EC0-301F-11D3-BF4B-00C04F79EFBC}") = "PassedOrFailed", "PassedOrFailed\PassedOrFailed.csproj", "{39A08AB5-E76B-4B4C-910F-13462BFED30E}"
EndProject
Project("{FAE04EC0-301F-11D3-BF4B-00C04F79EFBC}") = "BackIn30Minutes", "BackIn30Minutes\BackIn30Minutes.csproj", "{9230CEC4-6B24-4D84-B192-F94EFD4A3A50}"
EndProject
Project("{FAE04EC0-301F-11D3-BF4B-00C04F79EFBC}") = "MonthPrinter", "MonthPrinter\MonthPrinter.csproj", "{B8A9A58A-BCDF-44A1-8D2F-488BAC378DD8}"
EndProject
Project("{FAE04EC0-301F-11D3-BF4B-00C04F79EFBC}") = "TheatrePromotions", "TheatrePromotions\TheatrePromotions.csproj", "{FCED630B-0F5E-41E1-924B-99D0874381EA}"
EndProject
Project("{FAE04EC0-301F-11D3-BF4B-00C04F79EFBC}") = "ForeignLanguages", "ForeignLanguages\ForeignLanguages.csproj", "{397CBDE8-783C-43BB-8656-357128B4477E}"
EndProject
Project("{FAE04EC0-301F-11D3-BF4B-00C04F79EFBC}") = "DevisableBy3", "DevisableBy3\DevisableBy3.csproj", "{DB9ECEAB-0BDF-46FE-A79B-204B294A3974}"
EndProject
Project("{FAE04EC0-301F-11D3-BF4B-00C04F79EFBC}") = "SumOfOddNumbers", "SumOfOddNumbers\SumOfOddNumbers.csproj", "{C9EEFF8F-477A-463D-94C7-7D4130FCC0BE}"
EndProject
Project("{FAE04EC0-301F-11D3-BF4B-00C04F79EFBC}") = "MultiplicationTable", "MultiplicationTable\MultiplicationTable.csproj", "{B35B34D5-DF97-48AE-990C-97336C3F4AAF}"
EndProject
Project("{FAE04EC0-301F-11D3-BF4B-00C04F79EFBC}") = "MultiplicationTable2", "MultiplicationTable2\MultiplicationTable2.csproj", "{8726A772-7854-407C-8409-FB9BEB46CB21}"
EndProject
Project("{FAE04EC0-301F-11D3-BF4B-00C04F79EFBC}") = "OddNumber", "OddNumber\OddNumber.csproj", "{939ED478-8712-4C42-AEB4-CF34B44C9DFC}"
EndProject
Project("{FAE04EC0-301F-11D3-BF4B-00C04F79EFBC}") = "NumberChecker", "NumberChecker\NumberChecker.csproj", "{110765B3-33CF-4652-B2A5-CA8A99BFD00A}"
EndProject
Global
	GlobalSection(SolutionConfigurationPlatforms) = preSolution
		Debug|Any CPU = Debug|Any CPU
		Release|Any CPU = Release|Any CPU
	EndGlobalSection
	GlobalSection(ProjectConfigurationPlatforms) = postSolution
		{7B4F16A7-D595-4C5E-A505-09BC84CF986E}.Debug|Any CPU.ActiveCfg = Debug|Any CPU
		{7B4F16A7-D595-4C5E-A505-09BC84CF986E}.Debug|Any CPU.Build.0 = Debug|Any CPU
		{7B4F16A7-D595-4C5E-A505-09BC84CF986E}.Release|Any CPU.ActiveCfg = Release|Any CPU
		{7B4F16A7-D595-4C5E-A505-09BC84CF986E}.Release|Any CPU.Build.0 = Release|Any CPU
		{39A08AB5-E76B-4B4C-910F-13462BFED30E}.Debug|Any CPU.ActiveCfg = Debug|Any CPU
		{39A08AB5-E76B-4B4C-910F-13462BFED30E}.Debug|Any CPU.Build.0 = Debug|Any CPU
		{39A08AB5-E76B-4B4C-910F-13462BFED30E}.Release|Any CPU.ActiveCfg = Release|Any CPU
		{39A08AB5-E76B-4B4C-910F-13462BFED30E}.Release|Any CPU.Build.0 = Release|Any CPU
		{9230CEC4-6B24-4D84-B192-F94EFD4A3A50}.Debug|Any CPU.ActiveCfg = Debug|Any CPU
		{9230CEC4-6B24-4D84-B192-F94EFD4A3A50}.Debug|Any CPU.Build.0 = Debug|Any CPU
		{9230CEC4-6B24-4D84-B192-F94EFD4A3A50}.Release|Any CPU.ActiveCfg = Release|Any CPU
		{9230CEC4-6B24-4D84-B192-F94EFD4A3A50}.Release|Any CPU.Build.0 = Release|Any CPU
		{B8A9A58A-BCDF-44A1-8D2F-488BAC378DD8}.Debug|Any CPU.ActiveCfg = Debug|Any CPU
		{B8A9A58A-BCDF-44A1-8D2F-488BAC378DD8}.Debug|Any CPU.Build.0 = Debug|Any CPU
		{B8A9A58A-BCDF-44A1-8D2F-488BAC378DD8}.Release|Any CPU.ActiveCfg = Release|Any CPU
		{B8A9A58A-BCDF-44A1-8D2F-488BAC378DD8}.Release|Any CPU.Build.0 = Release|Any CPU
		{FCED630B-0F5E-41E1-924B-99D0874381EA}.Debug|Any CPU.ActiveCfg = Debug|Any CPU
		{FCED630B-0F5E-41E1-924B-99D0874381EA}.Debug|Any CPU.Build.0 = Debug|Any CPU
		{FCED630B-0F5E-41E1-924B-99D0874381EA}.Release|Any CPU.ActiveCfg = Release|Any CPU
		{FCED630B-0F5E-41E1-924B-99D0874381EA}.Release|Any CPU.Build.0 = Release|Any CPU
		{397CBDE8-783C-43BB-8656-357128B4477E}.Debug|Any CPU.ActiveCfg = Debug|Any CPU
		{397CBDE8-783C-43BB-8656-357128B4477E}.Debug|Any CPU.Build.0 = Debug|Any CPU
		{397CBDE8-783C-43BB-8656-357128B4477E}.Release|Any CPU.ActiveCfg = Release|Any CPU
		{397CBDE8-783C-43BB-8656-357128B4477E}.Release|Any CPU.Build.0 = Release|Any CPU
		{DB9ECEAB-0BDF-46FE-A79B-204B294A3974}.Debug|Any CPU.ActiveCfg = Debug|Any CPU
		{DB9ECEAB-0BDF-46FE-A79B-204B294A3974}.Debug|Any CPU.Build.0 = Debug|Any CPU
		{DB9ECEAB-0BDF-46FE-A79B-204B294A3974}.Release|Any CPU.ActiveCfg = Release|Any CPU
		{DB9ECEAB-0BDF-46FE-A79B-204B294A3974}.Release|Any CPU.Build.0 = Release|Any CPU
		{C9EEFF8F-477A-463D-94C7-7D4130FCC0BE}.Debug|Any CPU.ActiveCfg = Debug|Any CPU
		{C9EEFF8F-477A-463D-94C7-7D4130FCC0BE}.Debug|Any CPU.Build.0 = Debug|Any CPU
		{C9EEFF8F-477A-463D-94C7-7D4130FCC0BE}.Release|Any CPU.ActiveCfg = Release|Any CPU
		{C9EEFF8F-477A-463D-94C7-7D4130FCC0BE}.Release|Any CPU.Build.0 = Release|Any CPU
		{B35B34D5-DF97-48AE-990C-97336C3F4AAF}.Debug|Any CPU.ActiveCfg = Debug|Any CPU
		{B35B34D5-DF97-48AE-990C-97336C3F4AAF}.Debug|Any CPU.Build.0 = Debug|Any CPU
		{B35B34D5-DF97-48AE-990C-97336C3F4AAF}.Release|Any CPU.ActiveCfg = Release|Any CPU
		{B35B34D5-DF97-48AE-990C-97336C3F4AAF}.Release|Any CPU.Build.0 = Release|Any CPU
		{8726A772-7854-407C-8409-FB9BEB46CB21}.Debug|Any CPU.ActiveCfg = Debug|Any CPU
		{8726A772-7854-407C-8409-FB9BEB46CB21}.Debug|Any CPU.Build.0 = Debug|Any CPU
		{8726A772-7854-407C-8409-FB9BEB46CB21}.Release|Any CPU.ActiveCfg = Release|Any CPU
		{8726A772-7854-407C-8409-FB9BEB46CB21}.Release|Any CPU.Build.0 = Release|Any CPU
		{939ED478-8712-4C42-AEB4-CF34B44C9DFC}.Debug|Any CPU.ActiveCfg = Debug|Any CPU
		{939ED478-8712-4C42-AEB4-CF34B44C9DFC}.Debug|Any CPU.Build.0 = Debug|Any CPU
		{939ED478-8712-4C42-AEB4-CF34B44C9DFC}.Release|Any CPU.ActiveCfg = Release|Any CPU
		{939ED478-8712-4C42-AEB4-CF34B44C9DFC}.Release|Any CPU.Build.0 = Release|Any CPU
		{110765B3-33CF-4652-B2A5-CA8A99BFD00A}.Debug|Any CPU.ActiveCfg = Debug|Any CPU
		{110765B3-33CF-4652-B2A5-CA8A99BFD00A}.Debug|Any CPU.Build.0 = Debug|Any CPU
		{110765B3-33CF-4652-B2A5-CA8A99BFD00A}.Release|Any CPU.ActiveCfg = Release|Any CPU
		{110765B3-33CF-4652-B2A5-CA8A99BFD00A}.Release|Any CPU.Build.0 = Release|Any CPU
	EndGlobalSection
	GlobalSection(SolutionProperties) = preSolution
		HideSolutionNode = FALSE
	EndGlobalSection
EndGlobal
