
Microsoft Visual Studio Solution File, Format Version 12.00
# Visual Studio 14
VisualStudioVersion = 14.0.25420.1
MinimumVisualStudioVersion = 10.0.40219.1
Project("{FAE04EC0-301F-11D3-BF4B-00C04F79EFBC}") = "01. Count Real Numbers", "01. Count Real Numbers\01. Count Real Numbers.csproj", "{E44E93C9-9031-4367-B438-DA92065596E0}"
EndProject
Project("{FAE04EC0-301F-11D3-BF4B-00C04F79EFBC}") = "02. Odd Occurrences", "02. Odd Occurrences\02. Odd Occurrences.csproj", "{3454CDDD-026C-4EB4-B6FB-26B6460B619A}"
EndProject
Project("{FAE04EC0-301F-11D3-BF4B-00C04F79EFBC}") = "03. Min, Max, Sum, Average", "03. Min, Max, Sum, Average\03. Min, Max, Sum, Average.csproj", "{393C3A9B-E40C-4EA3-B85D-B5702E285079}"
EndProject
Project("{FAE04EC0-301F-11D3-BF4B-00C04F79EFBC}") = "04. Largest 3 Numbers", "04. Largest 3 Numbers\04. Largest 3 Numbers.csproj", "{741B30A7-AEAE-4A4C-A74E-0FA006D869D8}"
EndProject
Project("{FAE04EC0-301F-11D3-BF4B-00C04F79EFBC}") = "05. Short Words Sorted", "05. Short Words Sorted\05. Short Words Sorted.csproj", "{F1A0827F-F7B1-49F1-AF88-6BE6D07E6352}"
EndProject
Project("{FAE04EC0-301F-11D3-BF4B-00C04F79EFBC}") = "06. Fold and Sum", "06. Fold and Sum\06. Fold and Sum.csproj", "{367FE323-01AF-4805-93EB-12B631E9F1D5}"
EndProject
Global
	GlobalSection(SolutionConfigurationPlatforms) = preSolution
		Debug|Any CPU = Debug|Any CPU
		Release|Any CPU = Release|Any CPU
	EndGlobalSection
	GlobalSection(ProjectConfigurationPlatforms) = postSolution
		{E44E93C9-9031-4367-B438-DA92065596E0}.Debug|Any CPU.ActiveCfg = Debug|Any CPU
		{E44E93C9-9031-4367-B438-DA92065596E0}.Debug|Any CPU.Build.0 = Debug|Any CPU
		{E44E93C9-9031-4367-B438-DA92065596E0}.Release|Any CPU.ActiveCfg = Release|Any CPU
		{E44E93C9-9031-4367-B438-DA92065596E0}.Release|Any CPU.Build.0 = Release|Any CPU
		{3454CDDD-026C-4EB4-B6FB-26B6460B619A}.Debug|Any CPU.ActiveCfg = Debug|Any CPU
		{3454CDDD-026C-4EB4-B6FB-26B6460B619A}.Debug|Any CPU.Build.0 = Debug|Any CPU
		{3454CDDD-026C-4EB4-B6FB-26B6460B619A}.Release|Any CPU.ActiveCfg = Release|Any CPU
		{3454CDDD-026C-4EB4-B6FB-26B6460B619A}.Release|Any CPU.Build.0 = Release|Any CPU
		{393C3A9B-E40C-4EA3-B85D-B5702E285079}.Debug|Any CPU.ActiveCfg = Debug|Any CPU
		{393C3A9B-E40C-4EA3-B85D-B5702E285079}.Debug|Any CPU.Build.0 = Debug|Any CPU
		{393C3A9B-E40C-4EA3-B85D-B5702E285079}.Release|Any CPU.ActiveCfg = Release|Any CPU
		{393C3A9B-E40C-4EA3-B85D-B5702E285079}.Release|Any CPU.Build.0 = Release|Any CPU
		{741B30A7-AEAE-4A4C-A74E-0FA006D869D8}.Debug|Any CPU.ActiveCfg = Debug|Any CPU
		{741B30A7-AEAE-4A4C-A74E-0FA006D869D8}.Debug|Any CPU.Build.0 = Debug|Any CPU
		{741B30A7-AEAE-4A4C-A74E-0FA006D869D8}.Release|Any CPU.ActiveCfg = Release|Any CPU
		{741B30A7-AEAE-4A4C-A74E-0FA006D869D8}.Release|Any CPU.Build.0 = Release|Any CPU
		{F1A0827F-F7B1-49F1-AF88-6BE6D07E6352}.Debug|Any CPU.ActiveCfg = Debug|Any CPU
		{F1A0827F-F7B1-49F1-AF88-6BE6D07E6352}.Debug|Any CPU.Build.0 = Debug|Any CPU
		{F1A0827F-F7B1-49F1-AF88-6BE6D07E6352}.Release|Any CPU.ActiveCfg = Release|Any CPU
		{F1A0827F-F7B1-49F1-AF88-6BE6D07E6352}.Release|Any CPU.Build.0 = Release|Any CPU
		{367FE323-01AF-4805-93EB-12B631E9F1D5}.Debug|Any CPU.ActiveCfg = Debug|Any CPU
		{367FE323-01AF-4805-93EB-12B631E9F1D5}.Debug|Any CPU.Build.0 = Debug|Any CPU
		{367FE323-01AF-4805-93EB-12B631E9F1D5}.Release|Any CPU.ActiveCfg = Release|Any CPU
		{367FE323-01AF-4805-93EB-12B631E9F1D5}.Release|Any CPU.Build.0 = Release|Any CPU
	EndGlobalSection
	GlobalSection(SolutionProperties) = preSolution
		HideSolutionNode = FALSE
	EndGlobalSection
EndGlobal
