
Microsoft Visual Studio Solution File, Format Version 12.00
# Visual Studio 14
VisualStudioVersion = 14.0.25420.1
MinimumVisualStudioVersion = 10.0.40219.1
Project("{FAE04EC0-301F-11D3-BF4B-00C04F79EFBC}") = "01. Match Full Name", "01. Match Full Name\01. Match Full Name.csproj", "{3EAB7FDF-02A6-42F6-BD1D-45AEBE523805}"
EndProject
Project("{FAE04EC0-301F-11D3-BF4B-00C04F79EFBC}") = "02. Match Phone Number", "02. Match Phone Number\02. Match Phone Number.csproj", "{303AD068-413F-46DF-A8DB-B60310F31BE7}"
EndProject
Project("{FAE04EC0-301F-11D3-BF4B-00C04F79EFBC}") = "03. Match Hexadecimal Numbers", "03. Match Hexadecimal Numbers\03. Match Hexadecimal Numbers.csproj", "{B4BF29D5-D78C-4943-88F4-86B99E49D66E}"
EndProject
Project("{FAE04EC0-301F-11D3-BF4B-00C04F79EFBC}") = "04. Match Dates", "04. Match Dates\04. Match Dates.csproj", "{B05EF5E9-0C91-4F7B-8511-7416D39ED515}"
EndProject
Project("{FAE04EC0-301F-11D3-BF4B-00C04F79EFBC}") = "05. Match Numbers", "05. Match Numbers\05. Match Numbers.csproj", "{291E4DE3-6CCB-4601-90A9-0D74860C87FD}"
EndProject
Project("{FAE04EC0-301F-11D3-BF4B-00C04F79EFBC}") = "06. Replace a Tag", "06. Replace a Tag\06. Replace a Tag.csproj", "{3B6D1B23-B3BB-4E6C-A77D-AA3A80EF526F}"
EndProject
Global
	GlobalSection(SolutionConfigurationPlatforms) = preSolution
		Debug|Any CPU = Debug|Any CPU
		Release|Any CPU = Release|Any CPU
	EndGlobalSection
	GlobalSection(ProjectConfigurationPlatforms) = postSolution
		{3EAB7FDF-02A6-42F6-BD1D-45AEBE523805}.Debug|Any CPU.ActiveCfg = Debug|Any CPU
		{3EAB7FDF-02A6-42F6-BD1D-45AEBE523805}.Debug|Any CPU.Build.0 = Debug|Any CPU
		{3EAB7FDF-02A6-42F6-BD1D-45AEBE523805}.Release|Any CPU.ActiveCfg = Release|Any CPU
		{3EAB7FDF-02A6-42F6-BD1D-45AEBE523805}.Release|Any CPU.Build.0 = Release|Any CPU
		{303AD068-413F-46DF-A8DB-B60310F31BE7}.Debug|Any CPU.ActiveCfg = Debug|Any CPU
		{303AD068-413F-46DF-A8DB-B60310F31BE7}.Debug|Any CPU.Build.0 = Debug|Any CPU
		{303AD068-413F-46DF-A8DB-B60310F31BE7}.Release|Any CPU.ActiveCfg = Release|Any CPU
		{303AD068-413F-46DF-A8DB-B60310F31BE7}.Release|Any CPU.Build.0 = Release|Any CPU
		{B4BF29D5-D78C-4943-88F4-86B99E49D66E}.Debug|Any CPU.ActiveCfg = Debug|Any CPU
		{B4BF29D5-D78C-4943-88F4-86B99E49D66E}.Debug|Any CPU.Build.0 = Debug|Any CPU
		{B4BF29D5-D78C-4943-88F4-86B99E49D66E}.Release|Any CPU.ActiveCfg = Release|Any CPU
		{B4BF29D5-D78C-4943-88F4-86B99E49D66E}.Release|Any CPU.Build.0 = Release|Any CPU
		{B05EF5E9-0C91-4F7B-8511-7416D39ED515}.Debug|Any CPU.ActiveCfg = Debug|Any CPU
		{B05EF5E9-0C91-4F7B-8511-7416D39ED515}.Debug|Any CPU.Build.0 = Debug|Any CPU
		{B05EF5E9-0C91-4F7B-8511-7416D39ED515}.Release|Any CPU.ActiveCfg = Release|Any CPU
		{B05EF5E9-0C91-4F7B-8511-7416D39ED515}.Release|Any CPU.Build.0 = Release|Any CPU
		{291E4DE3-6CCB-4601-90A9-0D74860C87FD}.Debug|Any CPU.ActiveCfg = Debug|Any CPU
		{291E4DE3-6CCB-4601-90A9-0D74860C87FD}.Debug|Any CPU.Build.0 = Debug|Any CPU
		{291E4DE3-6CCB-4601-90A9-0D74860C87FD}.Release|Any CPU.ActiveCfg = Release|Any CPU
		{291E4DE3-6CCB-4601-90A9-0D74860C87FD}.Release|Any CPU.Build.0 = Release|Any CPU
		{3B6D1B23-B3BB-4E6C-A77D-AA3A80EF526F}.Debug|Any CPU.ActiveCfg = Debug|Any CPU
		{3B6D1B23-B3BB-4E6C-A77D-AA3A80EF526F}.Debug|Any CPU.Build.0 = Debug|Any CPU
		{3B6D1B23-B3BB-4E6C-A77D-AA3A80EF526F}.Release|Any CPU.ActiveCfg = Release|Any CPU
		{3B6D1B23-B3BB-4E6C-A77D-AA3A80EF526F}.Release|Any CPU.Build.0 = Release|Any CPU
	EndGlobalSection
	GlobalSection(SolutionProperties) = preSolution
		HideSolutionNode = FALSE
	EndGlobalSection
EndGlobal
